
Microsoft Visual Studio Solution File, Format Version 12.00
# Visual Studio 2015
Project("{FAE04EC0-301F-11D3-BF4B-00C04F79EFBC}") = "Cutcene2.Plugins", "Cutcene2.Plugins.csproj", "{C1F4701C-C55D-C8EC-711F-9C59D3539A16}"
EndProject
Global
	GlobalSection(SolutionConfigurationPlatforms) = preSolution
		Debug|Any CPU = Debug|Any CPU
		Release|Any CPU = Release|Any CPU
	EndGlobalSection
	GlobalSection(ProjectConfigurationPlatforms) = postSolution
		{C1F4701C-C55D-C8EC-711F-9C59D3539A16}.Debug|Any CPU.ActiveCfg = Debug|Any CPU
		{C1F4701C-C55D-C8EC-711F-9C59D3539A16}.Debug|Any CPU.Build.0 = Debug|Any CPU
		{C1F4701C-C55D-C8EC-711F-9C59D3539A16}.Release|Any CPU.ActiveCfg = Release|Any CPU
		{C1F4701C-C55D-C8EC-711F-9C59D3539A16}.Release|Any CPU.Build.0 = Release|Any CPU
	EndGlobalSection
	GlobalSection(SolutionProperties) = preSolution
		HideSolutionNode = FALSE
	EndGlobalSection
EndGlobal
